
Microsoft Visual Studio Solution File, Format Version 12.00
# Visual Studio 15
VisualStudioVersion = 15.0.27703.2042
MinimumVisualStudioVersion = 10.0.40219.1
Project("{FAE04EC0-301F-11D3-BF4B-00C04F79EFBC}") = "TownHallSimulation", "TownHallSimulation\TownHallSimulation.csproj", "{6B030616-36E7-4648-9CED-9D4FA42D00FF}"
EndProject
Global
	GlobalSection(SolutionConfigurationPlatforms) = preSolution
		Debug|Any CPU = Debug|Any CPU
		Release|Any CPU = Release|Any CPU
	EndGlobalSection
	GlobalSection(ProjectConfigurationPlatforms) = postSolution
		{6B030616-36E7-4648-9CED-9D4FA42D00FF}.Debug|Any CPU.ActiveCfg = Debug|Any CPU
		{6B030616-36E7-4648-9CED-9D4FA42D00FF}.Debug|Any CPU.Build.0 = Debug|Any CPU
		{6B030616-36E7-4648-9CED-9D4FA42D00FF}.Release|Any CPU.ActiveCfg = Release|Any CPU
		{6B030616-36E7-4648-9CED-9D4FA42D00FF}.Release|Any CPU.Build.0 = Release|Any CPU
	EndGlobalSection
	GlobalSection(SolutionProperties) = preSolution
		HideSolutionNode = FALSE
	EndGlobalSection
	GlobalSection(ExtensibilityGlobals) = postSolution
		SolutionGuid = {10C552A2-E7CF-4CA9-9E4A-178DABE1B41E}
	EndGlobalSection
EndGlobal
